{
  "name": "opencode-memory-adapter",
  "version": "1.3.0",
  "lockfileVersion": 3,
  "requires": true,
  "packages": {
    "": {
      "name": "opencode-memory-adapter",
      "version": "1.3.0",
      "license": "MIT",
      "bin": {
        "memory-adapter": "src/cli.js"
      },
      "engines": {
        "node": ">=22"
      }
    }
  }
}
